// !$*UTF8*$!
{
	archiveVersion = 1;
	classes = {
	};
	objectVersion = 56;
	objects = {

/* Begin PBXBuildFile section */
		8C8068E629F76DC7008146AC /* AppDelegate.swift in Sources */ = {isa = PBXBuildFile; fileRef = 8C8068E529F76DC7008146AC /* AppDelegate.swift */; };
		8C8068E829F76DC7008146AC /* SceneDelegate.swift in Sources */ = {isa = PBXBuildFile; fileRef = 8C8068E729F76DC7008146AC /* SceneDelegate.swift */; };
		8C8068EA29F76DC7008146AC /* ViewController.swift in Sources */ = {isa = PBXBuildFile; fileRef = 8C8068E929F76DC7008146AC /* ViewController.swift */; };
		8C8068ED29F76DC7008146AC /* Main.storyboard in Resources */ = {isa = PBXBuildFile; fileRef = 8C8068EB29F76DC7008146AC /* Main.storyboard */; };
		8C8068EF29F76DC9008146AC /* Assets.xcassets in Resources */ = {isa = PBXBuildFile; fileRef = 8C8068EE29F76DC9008146AC /* Assets.xcassets */; };
		8C8068F229F76DC9008146AC /* LaunchScreen.storyboard in Resources */ = {isa = PBXBuildFile; fileRef = 8C8068F029F76DC9008146AC /* LaunchScreen.storyboard */; };
		8C80690029F772EB008146AC /* DataManager.swift in Sources */ = {isa = PBXBuildFile; fileRef = 8C8068FF29F772EB008146AC /* DataManager.swift */; };
		8C80690229F7730F008146AC /* PersonData.swift in Sources */ = {isa = PBXBuildFile; fileRef = 8C80690129F7730F008146AC /* PersonData.swift */; };
/* End PBXBuildFile section */

/* Begin PBXFileReference section */
		8C8068E229F76DC7008146AC /* starWars_project.app */ = {isa = PBXFileReference; explicitFileType = wrapper.application; includeInIndex = 0; path = starWars_project.app; sourceTree = BUILT_PRODUCTS_DIR; };
		8C8068E529F76DC7008146AC /* AppDelegate.swift */ = {isa = PBXFileReference; lastKnownFileType = sourcecode.swift; path = AppDelegate.swift; sourceTree = "<group>"; };
		8C8068E729F76DC7008146AC /* SceneDelegate.swift */ = {isa = PBXFileReference; lastKnownFileType = sourcecode.swift; path = SceneDelegate.swift; sourceTree = "<group>"; };
		8C8068E929F76DC7008146AC /* ViewController.swift */ = {isa = PBXFileReference; lastKnownFileType = sourcecode.swift; path = ViewController.swift; sourceTree = "<group>"; };
		8C8068EC29F76DC7008146AC /* Base */ = {isa = PBXFileReference; lastKnownFileType = file.storyboard; name = Base; path = Base.lproj/Main.storyboard; sourceTree = "<group>"; };
		8C8068EE29F76DC9008146AC /* Assets.xcassets */ = {isa = PBXFileReference; lastKnownFileType = folder.assetcatalog; path = Assets.xcassets; sourceTree = "<group>"; };
		8C8068F129F76DC9008146AC /* Base */ = {isa = PBXFileReference; lastKnownFileType = file.storyboard; name = Base; path = Base.lproj/LaunchScreen.storyboard; sourceTree = "<group>"; };
		8C8068F329F76DC9008146AC /* Info.plist */ = {isa = PBXFileReference; lastKnownFileType = text.plist.xml; path = Info.plist; sourceTree = "<group>"; };
		8C8068FF29F772EB008146AC /* DataManager.swift */ = {isa = PBXFileReference; lastKnownFileType = sourcecode.swift; path = DataManager.swift; sourceTree = "<group>"; };
		8C80690129F7730F008146AC /* PersonData.swift */ = {isa = PBXFileReference; lastKnownFileType = sourcecode.swift; path = PersonData.swift; sourceTree = "<group>"; };
/* End PBXFileReference section */

/* Begin PBXFrameworksBuildPhase section */
		8C8068DF29F76DC7008146AC /* Frameworks */ = {
			isa = PBXFrameworksBuildPhase;
			buildActionMask = 2147483647;
			files = (
			);
			runOnlyForDeploymentPostprocessing = 0;
		};
/* End PBXFrameworksBuildPhase section */

/* Begin PBXGroup section */
		8C8068D929F76DC7008146AC = {
			isa = PBXGroup;
			children = (
				8C8068E429F76DC7008146AC /* starWars_project */,
				8C8068E329F76DC7008146AC /* Products */,
			);
			sourceTree = "<group>";
		};
		8C8068E329F76DC7008146AC /* Products */ = {
			isa = PBXGroup;
			children = (
				8C8068E229F76DC7008146AC /* starWars_project.app */,
			);
			name = Products;
			sourceTree = "<group>";
		};
		8C8068E429F76DC7008146AC /* starWars_project */ = {
			isa = PBXGroup;
			children = (
				8C8068E529F76DC7008146AC /* AppDelegate.swift */,
				8C8068FE29F7709E008146AC /* Model */,
				8C8068E729F76DC7008146AC /* SceneDelegate.swift */,
				8C8068FA29F76DF2008146AC /* View */,
				8C8068EE29F76DC9008146AC /* Assets.xcassets */,
				8C8068F029F76DC9008146AC /* LaunchScreen.storyboard */,
				8C8068F329F76DC9008146AC /* Info.plist */,
			);
			path = starWars_project;
			sourceTree = "<group>";
		};
		8C8068FA29F76DF2008146AC /* View */ = {
			isa = PBXGroup;
			children = (
				8C8068EB29F76DC7008146AC /* Main.storyboard */,
			);
			path = View;
			sourceTree = "<group>";
		};
		8C8068FE29F7709E008146AC /* Model */ = {
			isa = PBXGroup;
			children = (
				8C8068E929F76DC7008146AC /* ViewController.swift */,
				8C8068FF29F772EB008146AC /* DataManager.swift */,
				8C80690129F7730F008146AC /* PersonData.swift */,
			);
			path = Model;
			sourceTree = "<group>";
		};
/* End PBXGroup section */

/* Begin PBXNativeTarget section */
		8C8068E129F76DC7008146AC /* starWars_project */ = {
			isa = PBXNativeTarget;
			buildConfigurationList = 8C8068F629F76DC9008146AC /* Build configuration list for PBXNativeTarget "starWars_project" */;
			buildPhases = (
				8C8068DE29F76DC7008146AC /* Sources */,
				8C8068DF29F76DC7008146AC /* Frameworks */,
				8C8068E029F76DC7008146AC /* Resources */,
			);
			buildRules = (
			);
			dependencies = (
			);
			name = starWars_project;
			productName = starWars_project;
			productReference = 8C8068E229F76DC7008146AC /* starWars_project.app */;
			productType = "com.apple.product-type.application";
		};
/* End PBXNativeTarget section */

/* Begin PBXProject section */
		8C8068DA29F76DC7008146AC /* Project object */ = {
			isa = PBXProject;
			attributes = {
				BuildIndependentTargetsInParallel = 1;
				LastSwiftUpdateCheck = 1400;
				LastUpgradeCheck = 1400;
				TargetAttributes = {
					8C8068E129F76DC7008146AC = {
						CreatedOnToolsVersion = 14.0.1;
					};
				};
			};
			buildConfigurationList = 8C8068DD29F76DC7008146AC /* Build configuration list for PBXProject "starWars_project" */;
			compatibilityVersion = "Xcode 14.0";
			developmentRegion = en;
			hasScannedForEncodings = 0;
			knownRegions = (
				en,
				Base,
			);
			mainGroup = 8C8068D929F76DC7008146AC;
			productRefGroup = 8C8068E329F76DC7008146AC /* Products */;
			projectDirPath = "";
			projectRoot = "";
			targets = (
				8C8068E129F76DC7008146AC /* starWars_project */,
			);
		};
/* End PBXProject section */

/* Begin PBXResourcesBuildPhase section */
		8C8068E029F76DC7008146AC /* Resources */ = {
			isa = PBXResourcesBuildPhase;
			buildActionMask = 2147483647;
			files = (
				8C8068F229F76DC9008146AC /* LaunchScreen.storyboard in Resources */,
				8C8068EF29F76DC9008146AC /* Assets.xcassets in Resources */,
				8C8068ED29F76DC7008146AC /* Main.storyboard in Resources */,
			);
			runOnlyForDeploymentPostprocessing = 0;
		};
/* End PBXResourcesBuildPhase section */

/* Begin PBXSourcesBuildPhase section */
		8C8068DE29F76DC7008146AC /* Sources */ = {
			isa = PBXSourcesBuildPhase;
			buildActionMask = 2147483647;
			files = (
				8C8068EA29F76DC7008146AC /* ViewController.swift in Sources */,
				8C80690229F7730F008146AC /* PersonData.swift in Sources */,
				8C80690029F772EB008146AC /* DataManager.swift in Sources */,
				8C8068E629F76DC7008146AC /* AppDelegate.swift in Sources */,
				8C8068E829F76DC7008146AC /* SceneDelegate.swift in Sources */,
			);
			runOnlyForDeploymentPostprocessing = 0;
		};
/* End PBXSourcesBuildPhase section */

/* Begin PBXVariantGroup section */
		8C8068EB29F76DC7008146AC /* Main.storyboard */ = {
			isa = PBXVariantGroup;
			children = (
				8C8068EC29F76DC7008146AC /* Base */,
			);
			name = Main.storyboard;
			sourceTree = "<group>";
		};
		8C8068F029F76DC9008146AC /* LaunchScreen.storyboard */ = {
			isa = PBXVariantGroup;
			children = (
				8C8068F129F76DC9008146AC /* Base */,
			);
			name = LaunchScreen.storyboard;
			sourceTree = "<group>";
		};
/* End PBXVariantGroup section */

/* Begin XCBuildConfiguration section */
		8C8068F429F76DC9008146AC /* Debug */ = {
			isa = XCBuildConfiguration;
			buildSettings = {
				ALWAYS_SEARCH_USER_PATHS = NO;
				CLANG_ANALYZER_NONNULL = YES;
				CLANG_ANALYZER_NUMBER_OBJECT_CONVERSION = YES_AGGRESSIVE;
				CLANG_CXX_LANGUAGE_STANDARD = "gnu++20";
				CLANG_ENABLE_MODULES = YES;
				CLANG_ENABLE_OBJC_ARC = YES;
				CLANG_ENABLE_OBJC_WEAK = YES;
				CLANG_WARN_BLOCK_CAPTURE_AUTORELEASING = YES;
				CLANG_WARN_BOOL_CONVERSION = YES;
				CLANG_WARN_COMMA = YES;
				CLANG_WARN_CONSTANT_CONVERSION = YES;
				CLANG_WARN_DEPRECATED_OBJC_IMPLEMENTATIONS = YES;
				CLANG_WARN_DIRECT_OBJC_ISA_USAGE = YES_ERROR;
				CLANG_WARN_DOCUMENTATION_COMMENTS = YES;
				CLANG_WARN_EMPTY_BODY = YES;
				CLANG_WARN_ENUM_CONVERSION = YES;
				CLANG_WARN_INFINITE_RECURSION = YES;
				CLANG_WARN_INT_CONVERSION = YES;
				CLANG_WARN_NON_LITERAL_NULL_CONVERSION = YES;
				CLANG_WARN_OBJC_IMPLICIT_RETAIN_SELF = YES;
				CLANG_WARN_OBJC_LITERAL_CONVERSION = YES;
				CLANG_WARN_OBJC_ROOT_CLASS = YES_ERROR;
				CLANG_WARN_QUOTED_INCLUDE_IN_FRAMEWORK_HEADER = YES;
				CLANG_WARN_RANGE_LOOP_ANALYSIS = YES;
				CLANG_WARN_STRICT_PROTOTYPES = YES;
				CLANG_WARN_SUSPICIOUS_MOVE = YES;
				CLANG_WARN_UNGUARDED_AVAILABILITY = YES_AGGRESSIVE;
				CLANG_WARN_UNREACHABLE_CODE = YES;
				CLANG_WARN__DUPLICATE_METHOD_MATCH = YES;
				COPY_PHASE_STRIP = NO;
				DEBUG_INFORMATION_FORMAT = dwarf;
				ENABLE_STRICT_OBJC_MSGSEND = YES;
				ENABLE_TESTABILITY = YES;
				GCC_C_LANGUAGE_STANDARD = gnu11;
				GCC_DYNAMIC_NO_PIC = NO;
				GCC_NO_COMMON_BLOCKS = YES;
				GCC_OPTIMIZATION_LEVEL = 0;
				GCC_PREPROCESSOR_DEFINITIONS = (
					"DEBUG=1",
					"$(inherited)",
				);
				GCC_WARN_64_TO_32_BIT_CONVERSION = YES;
				GCC_WARN_ABOUT_RETURN_TYPE = YES_ERROR;
				GCC_WARN_UNDECLARED_SELECTOR = YES;
				GCC_WARN_UNINITIALIZED_AUTOS = YES_AGGRESSIVE;
				GCC_WARN_UNUSED_FUNCTION = YES;
				GCC_WARN_UNUSED_VARIABLE = YES;
				IPHONEOS_DEPLOYMENT_TARGET = 16.0;
				MTL_ENABLE_DEBUG_INFO = INCLUDE_SOURCE;
				MTL_FAST_MATH = YES;
				ONLY_ACTIVE_ARCH = YES;
				SDKROOT = iphoneos;
				SWIFT_ACTIVE_COMPILATION_CONDITIONS = DEBUG;
				SWIFT_OPTIMIZATION_LEVEL = "-Onone";
			};
			name = Debug;
		};
		8C8068F529F76DC9008146AC /* Release */ = {
			isa = XCBuildConfiguration;
			buildSettings = {
				ALWAYS_SEARCH_USER_PATHS = NO;
				CLANG_ANALYZER_NONNULL = YES;
				CLANG_ANALYZER_NUMBER_OBJECT_CONVERSION = YES_AGGRESSIVE;
				CLANG_CXX_LANGUAGE_STANDARD = "gnu++20";
				CLANG_ENABLE_MODULES = YES;
				CLANG_ENABLE_OBJC_ARC = YES;
				CLANG_ENABLE_OBJC_WEAK = YES;
				CLANG_WARN_BLOCK_CAPTURE_AUTORELEASING = YES;
				CLANG_WARN_BOOL_CONVERSION = YES;
				CLANG_WARN_COMMA = YES;
				CLANG_WARN_CONSTANT_CONVERSION = YES;
				CLANG_WARN_DEPRECATED_OBJC_IMPLEMENTATIONS = YES;
				CLANG_WARN_DIRECT_OBJC_ISA_USAGE = YES_ERROR;
				CLANG_WARN_DOCUMENTATION_COMMENTS = YES;
				CLANG_WARN_EMPTY_BODY = YES;
				CLANG_WARN_ENUM_CONVERSION = YES;
				CLANG_WARN_INFINITE_RECURSION = YES;
				CLANG_WARN_INT_CONVERSION = YES;
				CLANG_WARN_NON_LITERAL_NULL_CONVERSION = YES;
				CLANG_WARN_OBJC_IMPLICIT_RETAIN_SELF = YES;
				CLANG_WARN_OBJC_LITERAL_CONVERSION = YES;
				CLANG_WARN_OBJC_ROOT_CLASS = YES_ERROR;
				CLANG_WARN_QUOTED_INCLUDE_IN_FRAMEWORK_HEADER = YES;
				CLANG_WARN_RANGE_LOOP_ANALYSIS = YES;
				CLANG_WARN_STRICT_PROTOTYPES = YES;
				CLANG_WARN_SUSPICIOUS_MOVE = YES;
				CLANG_WARN_UNGUARDED_AVAILABILITY = YES_AGGRESSIVE;
				CLANG_WARN_UNREACHABLE_CODE = YES;
				CLANG_WARN__DUPLICATE_METHOD_MATCH = YES;
				COPY_PHASE_STRIP = NO;
				DEBUG_INFORMATION_FORMAT = "dwarf-with-dsym";
				ENABLE_NS_ASSERTIONS = NO;
				ENABLE_STRICT_OBJC_MSGSEND = YES;
				GCC_C_LANGUAGE_STANDARD = gnu11;
				GCC_NO_COMMON_BLOCKS = YES;
				GCC_WARN_64_TO_32_BIT_CONVERSION = YES;
				GCC_WARN_ABOUT_RETURN_TYPE = YES_ERROR;
				GCC_WARN_UNDECLARED_SELECTOR = YES;
				GCC_WARN_UNINITIALIZED_AUTOS = YES_AGGRESSIVE;
				GCC_WARN_UNUSED_FUNCTION = YES;
				GCC_WARN_UNUSED_VARIABLE = YES;
				IPHONEOS_DEPLOYMENT_TARGET = 16.0;
				MTL_ENABLE_DEBUG_INFO = NO;
				MTL_FAST_MATH = YES;
				SDKROOT = iphoneos;
				SWIFT_COMPILATION_MODE = wholemodule;
				SWIFT_OPTIMIZATION_LEVEL = "-O";
				VALIDATE_PRODUCT = YES;
			};
			name = Release;
		};
		8C8068F729F76DC9008146AC /* Debug */ = {
			isa = XCBuildConfiguration;
			buildSettings = {
				ASSETCATALOG_COMPILER_APPICON_NAME = AppIcon;
				ASSETCATALOG_COMPILER_GLOBAL_ACCENT_COLOR_NAME = AccentColor;
				CODE_SIGN_STYLE = Automatic;
				CURRENT_PROJECT_VERSION = 1;
				DEVELOPMENT_TEAM = BW4U5FRRW6;
				GENERATE_INFOPLIST_FILE = YES;
				INFOPLIST_FILE = starWars_project/Info.plist;
				INFOPLIST_KEY_UIApplicationSupportsIndirectInputEvents = YES;
				INFOPLIST_KEY_UILaunchStoryboardName = LaunchScreen;
				INFOPLIST_KEY_UIMainStoryboardFile = Main;
				INFOPLIST_KEY_UISupportedInterfaceOrientations_iPad = "UIInterfaceOrientationPortrait UIInterfaceOrientationPortraitUpsideDown UIInterfaceOrientationLandscapeLeft UIInterfaceOrientationLandscapeRight";
				INFOPLIST_KEY_UISupportedInterfaceOrientations_iPhone = "UIInterfaceOrientationPortrait UIInterfaceOrientationLandscapeLeft UIInterfaceOrientationLandscapeRight";
				LD_RUNPATH_SEARCH_PATHS = (
					"$(inherited)",
					"@executable_path/Frameworks",
				);
				MARKETING_VERSION = 1.0;
				PRODUCT_BUNDLE_IDENTIFIER = "me.bettyjimenez.starWars-project";
				PRODUCT_NAME = "$(TARGET_NAME)";
				SWIFT_EMIT_LOC_STRINGS = YES;
				SWIFT_VERSION = 5.0;
				TARGETED_DEVICE_FAMILY = "1,2";
			};
			name = Debug;
		};
		8C8068F829F76DC9008146AC /* Release */ = {
			isa = XCBuildConfiguration;
			buildSettings = {
				ASSETCATALOG_COMPILER_APPICON_NAME = AppIcon;
				ASSETCATALOG_COMPILER_GLOBAL_ACCENT_COLOR_NAME = AccentColor;
				CODE_SIGN_STYLE = Automatic;
				CURRENT_PROJECT_VERSION = 1;
				DEVELOPMENT_TEAM = BW4U5FRRW6;
				GENERATE_INFOPLIST_FILE = YES;
				INFOPLIST_FILE = starWars_project/Info.plist;
				INFOPLIST_KEY_UIApplicationSupportsIndirectInputEvents = YES;
				INFOPLIST_KEY_UILaunchStoryboardName = LaunchScreen;
				INFOPLIST_KEY_UIMainStoryboardFile = Main;
				INFOPLIST_KEY_UISupportedInterfaceOrientations_iPad = "UIInterfaceOrientationPortrait UIInterfaceOrientationPortraitUpsideDown UIInterfaceOrientationLandscapeLeft UIInterfaceOrientationLandscapeRight";
				INFOPLIST_KEY_UISupportedInterfaceOrientations_iPhone = "UIInterfaceOrientationPortrait UIInterfaceOrientationLandscapeLeft UIInterfaceOrientationLandscapeRight";
				LD_RUNPATH_SEARCH_PATHS = (
					"$(inherited)",
					"@executable_path/Frameworks",
				);
				MARKETING_VERSION = 1.0;
				PRODUCT_BUNDLE_IDENTIFIER = "me.bettyjimenez.starWars-project";
				PRODUCT_NAME = "$(TARGET_NAME)";
				SWIFT_EMIT_LOC_STRINGS = YES;
				SWIFT_VERSION = 5.0;
				TARGETED_DEVICE_FAMILY = "1,2";
			};
			name = Release;
		};
/* End XCBuildConfiguration section */

/* Begin XCConfigurationList section */
		8C8068DD29F76DC7008146AC /* Build configuration list for PBXProject "starWars_project" */ = {
			isa = XCConfigurationList;
			buildConfigurations = (
				8C8068F429F76DC9008146AC /* Debug */,
				8C8068F529F76DC9008146AC /* Release */,
			);
			defaultConfigurationIsVisible = 0;
			defaultConfigurationName = Release;
		};
		8C8068F629F76DC9008146AC /* Build configuration list for PBXNativeTarget "starWars_project" */ = {
			isa = XCConfigurationList;
			buildConfigurations = (
				8C8068F729F76DC9008146AC /* Debug */,
				8C8068F829F76DC9008146AC /* Release */,
			);
			defaultConfigurationIsVisible = 0;
			defaultConfigurationName = Release;
		};
/* End XCConfigurationList section */
	};
	rootObject = 8C8068DA29F76DC7008146AC /* Project object */;
}
